// !$*UTF8*$!
{
	archiveVersion = 1;
	classes = {
	};
	objectVersion = 56;
	objects = {

/* Begin PBXBuildFile section */
		9633B86A2B909CC100655C31 /* WeatherDetailsView.swift in Sources */ = {isa = PBXBuildFile; fileRef = 9633B8692B909CC100655C31 /* WeatherDetailsView.swift */; };
		9633B86C2B909E6100655C31 /* LoadingView.swift in Sources */ = {isa = PBXBuildFile; fileRef = 9633B86B2B909E6100655C31 /* LoadingView.swift */; };
		9633B86E2B90B09D00655C31 /* ContentView.swift in Sources */ = {isa = PBXBuildFile; fileRef = 9633B86D2B90B09D00655C31 /* ContentView.swift */; };
		9633B8702B90B0EE00655C31 /* WelcomeView.swift in Sources */ = {isa = PBXBuildFile; fileRef = 9633B86F2B90B0EE00655C31 /* WelcomeView.swift */; };
		965AA52D2B7D1D0B00E07A0C /* FirebaseFirestoreSwift in Frameworks */ = {isa = PBXBuildFile; productRef = 965AA52C2B7D1D0B00E07A0C /* FirebaseFirestoreSwift */; };
		965B87D72B8C8638001B6619 /* WeatherRowView.swift in Sources */ = {isa = PBXBuildFile; fileRef = 965B87D62B8C8638001B6619 /* WeatherRowView.swift */; };
		965B87D92B8C86C3001B6619 /* WeatherManagerModel.swift in Sources */ = {isa = PBXBuildFile; fileRef = 965B87D82B8C86C3001B6619 /* WeatherManagerModel.swift */; };
		965B87DB2B8C8723001B6619 /* Extensions.swift in Sources */ = {isa = PBXBuildFile; fileRef = 965B87DA2B8C8723001B6619 /* Extensions.swift */; };
		965B87DE2B8C884B001B6619 /* ModelData.swift in Sources */ = {isa = PBXBuildFile; fileRef = 965B87DD2B8C884B001B6619 /* ModelData.swift */; };
		965B87E02B8C8DB8001B6619 /* LocationManagerModel.swift in Sources */ = {isa = PBXBuildFile; fileRef = 965B87DF2B8C8DB8001B6619 /* LocationManagerModel.swift */; };
		9660B4662B74AE1E00715334 /* FirebaseAnalytics in Frameworks */ = {isa = PBXBuildFile; productRef = 9660B4652B74AE1E00715334 /* FirebaseAnalytics */; };
		9660B4682B74AE1E00715334 /* FirebaseAnalyticsOnDeviceConversion in Frameworks */ = {isa = PBXBuildFile; productRef = 9660B4672B74AE1E00715334 /* FirebaseAnalyticsOnDeviceConversion */; };
		9660B46A2B74AE1E00715334 /* FirebaseAnalyticsSwift in Frameworks */ = {isa = PBXBuildFile; productRef = 9660B4692B74AE1E00715334 /* FirebaseAnalyticsSwift */; };
		9660B46C2B74AE1E00715334 /* FirebaseAnalyticsWithoutAdIdSupport in Frameworks */ = {isa = PBXBuildFile; productRef = 9660B46B2B74AE1E00715334 /* FirebaseAnalyticsWithoutAdIdSupport */; };
		9660B46E2B74AE1E00715334 /* FirebaseAppCheck in Frameworks */ = {isa = PBXBuildFile; productRef = 9660B46D2B74AE1E00715334 /* FirebaseAppCheck */; };
		966859DE2B7375FA00748E6F /* Check_It_OfApp.swift in Sources */ = {isa = PBXBuildFile; fileRef = 966859DD2B7375FA00748E6F /* Check_It_OfApp.swift */; };
		966859E02B7375FA00748E6F /* MainView.swift in Sources */ = {isa = PBXBuildFile; fileRef = 966859DF2B7375FA00748E6F /* MainView.swift */; };
		966859E22B7375FB00748E6F /* Assets.xcassets in Resources */ = {isa = PBXBuildFile; fileRef = 966859E12B7375FB00748E6F /* Assets.xcassets */; };
		966859E52B7375FB00748E6F /* Preview Assets.xcassets in Resources */ = {isa = PBXBuildFile; fileRef = 966859E42B7375FB00748E6F /* Preview Assets.xcassets */; };
		966859F72B73834200748E6F /* FirebaseAnalytics in Frameworks */ = {isa = PBXBuildFile; productRef = 966859F62B73834200748E6F /* FirebaseAnalytics */; };
		966859F92B73834200748E6F /* FirebaseAnalyticsOnDeviceConversion in Frameworks */ = {isa = PBXBuildFile; productRef = 966859F82B73834200748E6F /* FirebaseAnalyticsOnDeviceConversion */; };
		966859FB2B73834200748E6F /* FirebaseAnalyticsSwift in Frameworks */ = {isa = PBXBuildFile; productRef = 966859FA2B73834200748E6F /* FirebaseAnalyticsSwift */; };
		966859FD2B73834200748E6F /* FirebaseAnalyticsWithoutAdIdSupport in Frameworks */ = {isa = PBXBuildFile; productRef = 966859FC2B73834200748E6F /* FirebaseAnalyticsWithoutAdIdSupport */; };
		966859FF2B73834200748E6F /* FirebaseAppCheck in Frameworks */ = {isa = PBXBuildFile; productRef = 966859FE2B73834200748E6F /* FirebaseAppCheck */; };
		96685A072B73891000748E6F /* ProfileView.swift in Sources */ = {isa = PBXBuildFile; fileRef = 96685A062B73891000748E6F /* ProfileView.swift */; };
		96685A092B73895E00748E6F /* ToDoListView.swift in Sources */ = {isa = PBXBuildFile; fileRef = 96685A082B73895E00748E6F /* ToDoListView.swift */; };
		96685A0B2B73897D00748E6F /* NewItemView.swift in Sources */ = {isa = PBXBuildFile; fileRef = 96685A0A2B73897D00748E6F /* NewItemView.swift */; };
		96685A0D2B73899B00748E6F /* LoginView.swift in Sources */ = {isa = PBXBuildFile; fileRef = 96685A0C2B73899B00748E6F /* LoginView.swift */; };
		96685A0F2B7389BA00748E6F /* RegisterView.swift in Sources */ = {isa = PBXBuildFile; fileRef = 96685A0E2B7389BA00748E6F /* RegisterView.swift */; };
		96685A112B738A1400748E6F /* ToDoListItemView.swift in Sources */ = {isa = PBXBuildFile; fileRef = 96685A102B738A1400748E6F /* ToDoListItemView.swift */; };
		96685A132B738A8300748E6F /* User.swift in Sources */ = {isa = PBXBuildFile; fileRef = 96685A122B738A8300748E6F /* User.swift */; };
		96685A152B738AF900748E6F /* ToDoListItem.swift in Sources */ = {isa = PBXBuildFile; fileRef = 96685A142B738AF900748E6F /* ToDoListItem.swift */; };
		96685A172B738B3A00748E6F /* MainViewModel.swift in Sources */ = {isa = PBXBuildFile; fileRef = 96685A162B738B3A00748E6F /* MainViewModel.swift */; };
		96685A192B738B8A00748E6F /* ProfileViewModel.swift in Sources */ = {isa = PBXBuildFile; fileRef = 96685A182B738B8A00748E6F /* ProfileViewModel.swift */; };
		96685A1B2B738BA600748E6F /* ToDoListViewModel.swift in Sources */ = {isa = PBXBuildFile; fileRef = 96685A1A2B738BA600748E6F /* ToDoListViewModel.swift */; };
		96685A1D2B738BC800748E6F /* NewItemViewModel.swift in Sources */ = {isa = PBXBuildFile; fileRef = 96685A1C2B738BC800748E6F /* NewItemViewModel.swift */; };
		96685A1F2B738BE400748E6F /* LoginViewModel.swift in Sources */ = {isa = PBXBuildFile; fileRef = 96685A1E2B738BE400748E6F /* LoginViewModel.swift */; };
		96685A212B738BFE00748E6F /* RegisterViewModel.swift in Sources */ = {isa = PBXBuildFile; fileRef = 96685A202B738BFE00748E6F /* RegisterViewModel.swift */; };
		96685A232B738C2000748E6F /* ToDoListItemViewModel.swift in Sources */ = {isa = PBXBuildFile; fileRef = 96685A222B738C1F00748E6F /* ToDoListItemViewModel.swift */; };
		96685A252B73905400748E6F /* HeaderView.swift in Sources */ = {isa = PBXBuildFile; fileRef = 96685A242B73905400748E6F /* HeaderView.swift */; };
		96685A272B73A30100748E6F /* ToDoButton.swift in Sources */ = {isa = PBXBuildFile; fileRef = 96685A262B73A30100748E6F /* ToDoButton.swift */; };
		96685A2A2B73B83E00748E6F /* FirebaseAuth in Frameworks */ = {isa = PBXBuildFile; productRef = 96685A292B73B83E00748E6F /* FirebaseAuth */; };
		96685A2C2B73C35400748E6F /* FirebaseFirestore in Frameworks */ = {isa = PBXBuildFile; productRef = 96685A2B2B73C35400748E6F /* FirebaseFirestore */; };
		96685A302B73D0C800748E6F /* GoogleService-Info.plist in Resources */ = {isa = PBXBuildFile; fileRef = 96685A2F2B73D0C800748E6F /* GoogleService-Info.plist */; };
		96E332A82B7F703D0044DFBD /* WeatherView.swift in Sources */ = {isa = PBXBuildFile; fileRef = 96E332A72B7F703D0044DFBD /* WeatherView.swift */; };
		96F28AC02B90E2C60099E3DC /* weatherData.json in Resources */ = {isa = PBXBuildFile; fileRef = 96F28ABF2B90E2C60099E3DC /* weatherData.json */; };
/* End PBXBuildFile section */

/* Begin PBXFileReference section */
		9633B8692B909CC100655C31 /* WeatherDetailsView.swift */ = {isa = PBXFileReference; lastKnownFileType = sourcecode.swift; path = WeatherDetailsView.swift; sourceTree = "<group>"; };
		9633B86B2B909E6100655C31 /* LoadingView.swift */ = {isa = PBXFileReference; lastKnownFileType = sourcecode.swift; path = LoadingView.swift; sourceTree = "<group>"; };
		9633B86D2B90B09D00655C31 /* ContentView.swift */ = {isa = PBXFileReference; lastKnownFileType = sourcecode.swift; path = ContentView.swift; sourceTree = "<group>"; };
		9633B86F2B90B0EE00655C31 /* WelcomeView.swift */ = {isa = PBXFileReference; lastKnownFileType = sourcecode.swift; path = WelcomeView.swift; sourceTree = "<group>"; };
		965B87D62B8C8638001B6619 /* WeatherRowView.swift */ = {isa = PBXFileReference; lastKnownFileType = sourcecode.swift; path = WeatherRowView.swift; sourceTree = "<group>"; };
		965B87D82B8C86C3001B6619 /* WeatherManagerModel.swift */ = {isa = PBXFileReference; lastKnownFileType = sourcecode.swift; path = WeatherManagerModel.swift; sourceTree = "<group>"; };
		965B87DA2B8C8723001B6619 /* Extensions.swift */ = {isa = PBXFileReference; lastKnownFileType = sourcecode.swift; path = Extensions.swift; sourceTree = "<group>"; };
		965B87DD2B8C884B001B6619 /* ModelData.swift */ = {isa = PBXFileReference; lastKnownFileType = sourcecode.swift; path = ModelData.swift; sourceTree = "<group>"; };
		965B87DF2B8C8DB8001B6619 /* LocationManagerModel.swift */ = {isa = PBXFileReference; lastKnownFileType = sourcecode.swift; path = LocationManagerModel.swift; sourceTree = "<group>"; };
		966859DA2B7375FA00748E6F /* Check-It-Of.app */ = {isa = PBXFileReference; explicitFileType = wrapper.application; includeInIndex = 0; path = "Check-It-Of.app"; sourceTree = BUILT_PRODUCTS_DIR; };
		966859DD2B7375FA00748E6F /* Check_It_OfApp.swift */ = {isa = PBXFileReference; lastKnownFileType = sourcecode.swift; path = Check_It_OfApp.swift; sourceTree = "<group>"; };
		966859DF2B7375FA00748E6F /* MainView.swift */ = {isa = PBXFileReference; lastKnownFileType = sourcecode.swift; path = MainView.swift; sourceTree = "<group>"; };
		966859E12B7375FB00748E6F /* Assets.xcassets */ = {isa = PBXFileReference; lastKnownFileType = folder.assetcatalog; path = Assets.xcassets; sourceTree = "<group>"; };
		966859E42B7375FB00748E6F /* Preview Assets.xcassets */ = {isa = PBXFileReference; lastKnownFileType = folder.assetcatalog; path = "Preview Assets.xcassets"; sourceTree = "<group>"; };
		96685A062B73891000748E6F /* ProfileView.swift */ = {isa = PBXFileReference; lastKnownFileType = sourcecode.swift; path = ProfileView.swift; sourceTree = "<group>"; };
		96685A082B73895E00748E6F /* ToDoListView.swift */ = {isa = PBXFileReference; lastKnownFileType = sourcecode.swift; path = ToDoListView.swift; sourceTree = "<group>"; };
		96685A0A2B73897D00748E6F /* NewItemView.swift */ = {isa = PBXFileReference; lastKnownFileType = sourcecode.swift; path = NewItemView.swift; sourceTree = "<group>"; };
		96685A0C2B73899B00748E6F /* LoginView.swift */ = {isa = PBXFileReference; lastKnownFileType = sourcecode.swift; path = LoginView.swift; sourceTree = "<group>"; };
		96685A0E2B7389BA00748E6F /* RegisterView.swift */ = {isa = PBXFileReference; lastKnownFileType = sourcecode.swift; path = RegisterView.swift; sourceTree = "<group>"; };
		96685A102B738A1400748E6F /* ToDoListItemView.swift */ = {isa = PBXFileReference; lastKnownFileType = sourcecode.swift; path = ToDoListItemView.swift; sourceTree = "<group>"; };
		96685A122B738A8300748E6F /* User.swift */ = {isa = PBXFileReference; lastKnownFileType = sourcecode.swift; path = User.swift; sourceTree = "<group>"; };
		96685A142B738AF900748E6F /* ToDoListItem.swift */ = {isa = PBXFileReference; lastKnownFileType = sourcecode.swift; path = ToDoListItem.swift; sourceTree = "<group>"; };
		96685A162B738B3A00748E6F /* MainViewModel.swift */ = {isa = PBXFileReference; lastKnownFileType = sourcecode.swift; path = MainViewModel.swift; sourceTree = "<group>"; };
		96685A182B738B8A00748E6F /* ProfileViewModel.swift */ = {isa = PBXFileReference; lastKnownFileType = sourcecode.swift; path = ProfileViewModel.swift; sourceTree = "<group>"; };
		96685A1A2B738BA600748E6F /* ToDoListViewModel.swift */ = {isa = PBXFileReference; lastKnownFileType = sourcecode.swift; path = ToDoListViewModel.swift; sourceTree = "<group>"; };
		96685A1C2B738BC800748E6F /* NewItemViewModel.swift */ = {isa = PBXFileReference; lastKnownFileType = sourcecode.swift; path = NewItemViewModel.swift; sourceTree = "<group>"; };
		96685A1E2B738BE400748E6F /* LoginViewModel.swift */ = {isa = PBXFileReference; lastKnownFileType = sourcecode.swift; path = LoginViewModel.swift; sourceTree = "<group>"; };
		96685A202B738BFE00748E6F /* RegisterViewModel.swift */ = {isa = PBXFileReference; lastKnownFileType = sourcecode.swift; path = RegisterViewModel.swift; sourceTree = "<group>"; };
		96685A222B738C1F00748E6F /* ToDoListItemViewModel.swift */ = {isa = PBXFileReference; lastKnownFileType = sourcecode.swift; path = ToDoListItemViewModel.swift; sourceTree = "<group>"; };
		96685A242B73905400748E6F /* HeaderView.swift */ = {isa = PBXFileReference; lastKnownFileType = sourcecode.swift; path = HeaderView.swift; sourceTree = "<group>"; };
		96685A262B73A30100748E6F /* ToDoButton.swift */ = {isa = PBXFileReference; lastKnownFileType = sourcecode.swift; path = ToDoButton.swift; sourceTree = "<group>"; };
		96685A2F2B73D0C800748E6F /* GoogleService-Info.plist */ = {isa = PBXFileReference; fileEncoding = 4; lastKnownFileType = text.plist.xml; path = "GoogleService-Info.plist"; sourceTree = "<group>"; };
		96E332A72B7F703D0044DFBD /* WeatherView.swift */ = {isa = PBXFileReference; lastKnownFileType = sourcecode.swift; path = WeatherView.swift; sourceTree = "<group>"; };
		96F28ABF2B90E2C60099E3DC /* weatherData.json */ = {isa = PBXFileReference; lastKnownFileType = text.json; path = weatherData.json; sourceTree = "<group>"; };
/* End PBXFileReference section */

/* Begin PBXFrameworksBuildPhase section */
		966859D72B7375FA00748E6F /* Frameworks */ = {
			isa = PBXFrameworksBuildPhase;
			buildActionMask = 2147483647;
			files = (
				966859FB2B73834200748E6F /* FirebaseAnalyticsSwift in Frameworks */,
				96685A2A2B73B83E00748E6F /* FirebaseAuth in Frameworks */,
				9660B4662B74AE1E00715334 /* FirebaseAnalytics in Frameworks */,
				966859F72B73834200748E6F /* FirebaseAnalytics in Frameworks */,
				9660B46E2B74AE1E00715334 /* FirebaseAppCheck in Frameworks */,
				9660B46C2B74AE1E00715334 /* FirebaseAnalyticsWithoutAdIdSupport in Frameworks */,
				9660B46A2B74AE1E00715334 /* FirebaseAnalyticsSwift in Frameworks */,
				965AA52D2B7D1D0B00E07A0C /* FirebaseFirestoreSwift in Frameworks */,
				9660B4682B74AE1E00715334 /* FirebaseAnalyticsOnDeviceConversion in Frameworks */,
				966859F92B73834200748E6F /* FirebaseAnalyticsOnDeviceConversion in Frameworks */,
				966859FF2B73834200748E6F /* FirebaseAppCheck in Frameworks */,
				966859FD2B73834200748E6F /* FirebaseAnalyticsWithoutAdIdSupport in Frameworks */,
				96685A2C2B73C35400748E6F /* FirebaseFirestore in Frameworks */,
			);
			runOnlyForDeploymentPostprocessing = 0;
		};
/* End PBXFrameworksBuildPhase section */

/* Begin PBXGroup section */
		965B87D52B8C85FE001B6619 /* Components */ = {
			isa = PBXGroup;
			children = (
				965B87DA2B8C8723001B6619 /* Extensions.swift */,
				96F28ABF2B90E2C60099E3DC /* weatherData.json */,
			);
			path = Components;
			sourceTree = "<group>";
		};
		966859D12B7375FA00748E6F = {
			isa = PBXGroup;
			children = (
				966859DC2B7375FA00748E6F /* Check-It-Of */,
				966859DB2B7375FA00748E6F /* Products */,
				96685A282B73B83E00748E6F /* Frameworks */,
			);
			sourceTree = "<group>";
		};
		966859DB2B7375FA00748E6F /* Products */ = {
			isa = PBXGroup;
			children = (
				966859DA2B7375FA00748E6F /* Check-It-Of.app */,
			);
			name = Products;
			sourceTree = "<group>";
		};
		966859DC2B7375FA00748E6F /* Check-It-Of */ = {
			isa = PBXGroup;
			children = (
				966859E32B7375FB00748E6F /* Preview Content */,
				96685A052B7387EE00748E6F /* Other */,
				96685A042B7387E400748E6F /* Models */,
				96685A032B7387D600748E6F /* ViewModels */,
				96685A022B7387CC00748E6F /* Views */,
				965B87D52B8C85FE001B6619 /* Components */,
			);
			path = "Check-It-Of";
			sourceTree = "<group>";
		};
		966859E32B7375FB00748E6F /* Preview Content */ = {
			isa = PBXGroup;
			children = (
				966859E42B7375FB00748E6F /* Preview Assets.xcassets */,
			);
			path = "Preview Content";
			sourceTree = "<group>";
		};
		96685A022B7387CC00748E6F /* Views */ = {
			isa = PBXGroup;
			children = (
				965B87D62B8C8638001B6619 /* WeatherRowView.swift */,
				966859DF2B7375FA00748E6F /* MainView.swift */,
				96685A062B73891000748E6F /* ProfileView.swift */,
				96685A082B73895E00748E6F /* ToDoListView.swift */,
				96685A0A2B73897D00748E6F /* NewItemView.swift */,
				96685A0C2B73899B00748E6F /* LoginView.swift */,
				96685A0E2B7389BA00748E6F /* RegisterView.swift */,
				96685A102B738A1400748E6F /* ToDoListItemView.swift */,
				96685A242B73905400748E6F /* HeaderView.swift */,
				96685A262B73A30100748E6F /* ToDoButton.swift */,
				96E332A72B7F703D0044DFBD /* WeatherView.swift */,
				9633B8692B909CC100655C31 /* WeatherDetailsView.swift */,
				9633B86B2B909E6100655C31 /* LoadingView.swift */,
				9633B86D2B90B09D00655C31 /* ContentView.swift */,
				9633B86F2B90B0EE00655C31 /* WelcomeView.swift */,
			);
			path = Views;
			sourceTree = "<group>";
		};
		96685A032B7387D600748E6F /* ViewModels */ = {
			isa = PBXGroup;
			children = (
				96685A162B738B3A00748E6F /* MainViewModel.swift */,
				96685A182B738B8A00748E6F /* ProfileViewModel.swift */,
				96685A1C2B738BC800748E6F /* NewItemViewModel.swift */,
				96685A1E2B738BE400748E6F /* LoginViewModel.swift */,
				96685A202B738BFE00748E6F /* RegisterViewModel.swift */,
				96685A1A2B738BA600748E6F /* ToDoListViewModel.swift */,
				965B87D82B8C86C3001B6619 /* WeatherManagerModel.swift */,
				965B87DF2B8C8DB8001B6619 /* LocationManagerModel.swift */,
				96685A222B738C1F00748E6F /* ToDoListItemViewModel.swift */,
			);
			path = ViewModels;
			sourceTree = "<group>";
		};
		96685A042B7387E400748E6F /* Models */ = {
			isa = PBXGroup;
			children = (
				96685A122B738A8300748E6F /* User.swift */,
				96685A142B738AF900748E6F /* ToDoListItem.swift */,
				965B87DD2B8C884B001B6619 /* ModelData.swift */,
			);
			path = Models;
			sourceTree = "<group>";
		};
		96685A052B7387EE00748E6F /* Other */ = {
			isa = PBXGroup;
			children = (
				96685A2F2B73D0C800748E6F /* GoogleService-Info.plist */,
				966859DD2B7375FA00748E6F /* Check_It_OfApp.swift */,
				966859E12B7375FB00748E6F /* Assets.xcassets */,
			);
			path = Other;
			sourceTree = "<group>";
		};
		96685A282B73B83E00748E6F /* Frameworks */ = {
			isa = PBXGroup;
			children = (
			);
			name = Frameworks;
			sourceTree = "<group>";
		};
/* End PBXGroup section */

/* Begin PBXNativeTarget section */
		966859D92B7375FA00748E6F /* Check-It-Of */ = {
			isa = PBXNativeTarget;
			buildConfigurationList = 966859E82B7375FB00748E6F /* Build configuration list for PBXNativeTarget "Check-It-Of" */;
			buildPhases = (
				966859D62B7375FA00748E6F /* Sources */,
				966859D72B7375FA00748E6F /* Frameworks */,
				966859D82B7375FA00748E6F /* Resources */,
			);
			buildRules = (
			);
			dependencies = (
			);
			name = "Check-It-Of";
			packageProductDependencies = (
				966859F62B73834200748E6F /* FirebaseAnalytics */,
				966859F82B73834200748E6F /* FirebaseAnalyticsOnDeviceConversion */,
				966859FA2B73834200748E6F /* FirebaseAnalyticsSwift */,
				966859FC2B73834200748E6F /* FirebaseAnalyticsWithoutAdIdSupport */,
				966859FE2B73834200748E6F /* FirebaseAppCheck */,
				96685A292B73B83E00748E6F /* FirebaseAuth */,
				96685A2B2B73C35400748E6F /* FirebaseFirestore */,
				9660B4652B74AE1E00715334 /* FirebaseAnalytics */,
				9660B4672B74AE1E00715334 /* FirebaseAnalyticsOnDeviceConversion */,
				9660B4692B74AE1E00715334 /* FirebaseAnalyticsSwift */,
				9660B46B2B74AE1E00715334 /* FirebaseAnalyticsWithoutAdIdSupport */,
				9660B46D2B74AE1E00715334 /* FirebaseAppCheck */,
				965AA52C2B7D1D0B00E07A0C /* FirebaseFirestoreSwift */,
			);
			productName = "Check-It-Of";
			productReference = 966859DA2B7375FA00748E6F /* Check-It-Of.app */;
			productType = "com.apple.product-type.application";
		};
/* End PBXNativeTarget section */

/* Begin PBXProject section */
		966859D22B7375FA00748E6F /* Project object */ = {
			isa = PBXProject;
			attributes = {
				BuildIndependentTargetsInParallel = 1;
				LastSwiftUpdateCheck = 1520;
				LastUpgradeCheck = 1520;
				TargetAttributes = {
					966859D92B7375FA00748E6F = {
						CreatedOnToolsVersion = 15.2;
					};
				};
			};
			buildConfigurationList = 966859D52B7375FA00748E6F /* Build configuration list for PBXProject "Check-It-Of" */;
			compatibilityVersion = "Xcode 14.0";
			developmentRegion = en;
			hasScannedForEncodings = 0;
			knownRegions = (
				en,
				Base,
			);
			mainGroup = 966859D12B7375FA00748E6F;
			packageReferences = (
				966859F52B73834200748E6F /* XCRemoteSwiftPackageReference "firebase-ios-sdk" */,
			);
			productRefGroup = 966859DB2B7375FA00748E6F /* Products */;
			projectDirPath = "";
			projectRoot = "";
			targets = (
				966859D92B7375FA00748E6F /* Check-It-Of */,
			);
		};
/* End PBXProject section */

/* Begin PBXResourcesBuildPhase section */
		966859D82B7375FA00748E6F /* Resources */ = {
			isa = PBXResourcesBuildPhase;
			buildActionMask = 2147483647;
			files = (
				966859E52B7375FB00748E6F /* Preview Assets.xcassets in Resources */,
				966859E22B7375FB00748E6F /* Assets.xcassets in Resources */,
				96F28AC02B90E2C60099E3DC /* weatherData.json in Resources */,
				96685A302B73D0C800748E6F /* GoogleService-Info.plist in Resources */,
			);
			runOnlyForDeploymentPostprocessing = 0;
		};
/* End PBXResourcesBuildPhase section */

/* Begin PBXSourcesBuildPhase section */
		966859D62B7375FA00748E6F /* Sources */ = {
			isa = PBXSourcesBuildPhase;
			buildActionMask = 2147483647;
			files = (
				96685A0D2B73899B00748E6F /* LoginView.swift in Sources */,
				96685A252B73905400748E6F /* HeaderView.swift in Sources */,
				96685A092B73895E00748E6F /* ToDoListView.swift in Sources */,
				965B87DE2B8C884B001B6619 /* ModelData.swift in Sources */,
				96685A212B738BFE00748E6F /* RegisterViewModel.swift in Sources */,
				9633B8702B90B0EE00655C31 /* WelcomeView.swift in Sources */,
				96685A272B73A30100748E6F /* ToDoButton.swift in Sources */,
				96685A172B738B3A00748E6F /* MainViewModel.swift in Sources */,
				966859E02B7375FA00748E6F /* MainView.swift in Sources */,
				965B87D72B8C8638001B6619 /* WeatherRowView.swift in Sources */,
				96685A0F2B7389BA00748E6F /* RegisterView.swift in Sources */,
				96685A192B738B8A00748E6F /* ProfileViewModel.swift in Sources */,
				9633B86A2B909CC100655C31 /* WeatherDetailsView.swift in Sources */,
				96685A112B738A1400748E6F /* ToDoListItemView.swift in Sources */,
				96685A132B738A8300748E6F /* User.swift in Sources */,
				96685A072B73891000748E6F /* ProfileView.swift in Sources */,
				96E332A82B7F703D0044DFBD /* WeatherView.swift in Sources */,
				96685A1B2B738BA600748E6F /* ToDoListViewModel.swift in Sources */,
				96685A1F2B738BE400748E6F /* LoginViewModel.swift in Sources */,
				966859DE2B7375FA00748E6F /* Check_It_OfApp.swift in Sources */,
				965B87D92B8C86C3001B6619 /* WeatherManagerModel.swift in Sources */,
				9633B86C2B909E6100655C31 /* LoadingView.swift in Sources */,
				965B87DB2B8C8723001B6619 /* Extensions.swift in Sources */,
				96685A152B738AF900748E6F /* ToDoListItem.swift in Sources */,
				96685A0B2B73897D00748E6F /* NewItemView.swift in Sources */,
				9633B86E2B90B09D00655C31 /* ContentView.swift in Sources */,
				96685A1D2B738BC800748E6F /* NewItemViewModel.swift in Sources */,
				96685A232B738C2000748E6F /* ToDoListItemViewModel.swift in Sources */,
				965B87E02B8C8DB8001B6619 /* LocationManagerModel.swift in Sources */,
			);
			runOnlyForDeploymentPostprocessing = 0;
		};
/* End PBXSourcesBuildPhase section */

/* Begin XCBuildConfiguration section */
		966859E62B7375FB00748E6F /* Debug */ = {
			isa = XCBuildConfiguration;
			buildSettings = {
				ALWAYS_SEARCH_USER_PATHS = NO;
				ASSETCATALOG_COMPILER_GENERATE_SWIFT_ASSET_SYMBOL_EXTENSIONS = YES;
				CLANG_ANALYZER_NONNULL = YES;
				CLANG_ANALYZER_NUMBER_OBJECT_CONVERSION = YES_AGGRESSIVE;
				CLANG_CXX_LANGUAGE_STANDARD = "gnu++20";
				CLANG_ENABLE_MODULES = YES;
				CLANG_ENABLE_OBJC_ARC = YES;
				CLANG_ENABLE_OBJC_WEAK = YES;
				CLANG_WARN_BLOCK_CAPTURE_AUTORELEASING = YES;
				CLANG_WARN_BOOL_CONVERSION = YES;
				CLANG_WARN_COMMA = YES;
				CLANG_WARN_CONSTANT_CONVERSION = YES;
				CLANG_WARN_DEPRECATED_OBJC_IMPLEMENTATIONS = YES;
				CLANG_WARN_DIRECT_OBJC_ISA_USAGE = YES_ERROR;
				CLANG_WARN_DOCUMENTATION_COMMENTS = YES;
				CLANG_WARN_EMPTY_BODY = YES;
				CLANG_WARN_ENUM_CONVERSION = YES;
				CLANG_WARN_INFINITE_RECURSION = YES;
				CLANG_WARN_INT_CONVERSION = YES;
				CLANG_WARN_NON_LITERAL_NULL_CONVERSION = YES;
				CLANG_WARN_OBJC_IMPLICIT_RETAIN_SELF = YES;
				CLANG_WARN_OBJC_LITERAL_CONVERSION = YES;
				CLANG_WARN_OBJC_ROOT_CLASS = YES_ERROR;
				CLANG_WARN_QUOTED_INCLUDE_IN_FRAMEWORK_HEADER = YES;
				CLANG_WARN_RANGE_LOOP_ANALYSIS = YES;
				CLANG_WARN_STRICT_PROTOTYPES = YES;
				CLANG_WARN_SUSPICIOUS_MOVE = YES;
				CLANG_WARN_UNGUARDED_AVAILABILITY = YES_AGGRESSIVE;
				CLANG_WARN_UNREACHABLE_CODE = YES;
				CLANG_WARN__DUPLICATE_METHOD_MATCH = YES;
				COPY_PHASE_STRIP = NO;
				DEBUG_INFORMATION_FORMAT = dwarf;
				ENABLE_STRICT_OBJC_MSGSEND = YES;
				ENABLE_TESTABILITY = YES;
				ENABLE_USER_SCRIPT_SANDBOXING = YES;
				GCC_C_LANGUAGE_STANDARD = gnu17;
				GCC_DYNAMIC_NO_PIC = NO;
				GCC_NO_COMMON_BLOCKS = YES;
				GCC_OPTIMIZATION_LEVEL = 0;
				GCC_PREPROCESSOR_DEFINITIONS = (
					"DEBUG=1",
					"$(inherited)",
				);
				GCC_WARN_64_TO_32_BIT_CONVERSION = YES;
				GCC_WARN_ABOUT_RETURN_TYPE = YES_ERROR;
				GCC_WARN_UNDECLARED_SELECTOR = YES;
				GCC_WARN_UNINITIALIZED_AUTOS = YES_AGGRESSIVE;
				GCC_WARN_UNUSED_FUNCTION = YES;
				GCC_WARN_UNUSED_VARIABLE = YES;
				IPHONEOS_DEPLOYMENT_TARGET = 17.2;
				LOCALIZATION_PREFERS_STRING_CATALOGS = YES;
				MTL_ENABLE_DEBUG_INFO = INCLUDE_SOURCE;
				MTL_FAST_MATH = YES;
				ONLY_ACTIVE_ARCH = YES;
				SDKROOT = iphoneos;
				SWIFT_ACTIVE_COMPILATION_CONDITIONS = "DEBUG $(inherited)";
				SWIFT_OPTIMIZATION_LEVEL = "-Onone";
			};
			name = Debug;
		};
		966859E72B7375FB00748E6F /* Release */ = {
			isa = XCBuildConfiguration;
			buildSettings = {
				ALWAYS_SEARCH_USER_PATHS = NO;
				ASSETCATALOG_COMPILER_GENERATE_SWIFT_ASSET_SYMBOL_EXTENSIONS = YES;
				CLANG_ANALYZER_NONNULL = YES;
				CLANG_ANALYZER_NUMBER_OBJECT_CONVERSION = YES_AGGRESSIVE;
				CLANG_CXX_LANGUAGE_STANDARD = "gnu++20";
				CLANG_ENABLE_MODULES = YES;
				CLANG_ENABLE_OBJC_ARC = YES;
				CLANG_ENABLE_OBJC_WEAK = YES;
				CLANG_WARN_BLOCK_CAPTURE_AUTORELEASING = YES;
				CLANG_WARN_BOOL_CONVERSION = YES;
				CLANG_WARN_COMMA = YES;
				CLANG_WARN_CONSTANT_CONVERSION = YES;
				CLANG_WARN_DEPRECATED_OBJC_IMPLEMENTATIONS = YES;
				CLANG_WARN_DIRECT_OBJC_ISA_USAGE = YES_ERROR;
				CLANG_WARN_DOCUMENTATION_COMMENTS = YES;
				CLANG_WARN_EMPTY_BODY = YES;
				CLANG_WARN_ENUM_CONVERSION = YES;
				CLANG_WARN_INFINITE_RECURSION = YES;
				CLANG_WARN_INT_CONVERSION = YES;
				CLANG_WARN_NON_LITERAL_NULL_CONVERSION = YES;
				CLANG_WARN_OBJC_IMPLICIT_RETAIN_SELF = YES;
				CLANG_WARN_OBJC_LITERAL_CONVERSION = YES;
				CLANG_WARN_OBJC_ROOT_CLASS = YES_ERROR;
				CLANG_WARN_QUOTED_INCLUDE_IN_FRAMEWORK_HEADER = YES;
				CLANG_WARN_RANGE_LOOP_ANALYSIS = YES;
				CLANG_WARN_STRICT_PROTOTYPES = YES;
				CLANG_WARN_SUSPICIOUS_MOVE = YES;
				CLANG_WARN_UNGUARDED_AVAILABILITY = YES_AGGRESSIVE;
				CLANG_WARN_UNREACHABLE_CODE = YES;
				CLANG_WARN__DUPLICATE_METHOD_MATCH = YES;
				COPY_PHASE_STRIP = NO;
				DEBUG_INFORMATION_FORMAT = "dwarf-with-dsym";
				ENABLE_NS_ASSERTIONS = NO;
				ENABLE_STRICT_OBJC_MSGSEND = YES;
				ENABLE_USER_SCRIPT_SANDBOXING = YES;
				GCC_C_LANGUAGE_STANDARD = gnu17;
				GCC_NO_COMMON_BLOCKS = YES;
				GCC_WARN_64_TO_32_BIT_CONVERSION = YES;
				GCC_WARN_ABOUT_RETURN_TYPE = YES_ERROR;
				GCC_WARN_UNDECLARED_SELECTOR = YES;
				GCC_WARN_UNINITIALIZED_AUTOS = YES_AGGRESSIVE;
				GCC_WARN_UNUSED_FUNCTION = YES;
				GCC_WARN_UNUSED_VARIABLE = YES;
				IPHONEOS_DEPLOYMENT_TARGET = 17.2;
				LOCALIZATION_PREFERS_STRING_CATALOGS = YES;
				MTL_ENABLE_DEBUG_INFO = NO;
				MTL_FAST_MATH = YES;
				SDKROOT = iphoneos;
				SWIFT_COMPILATION_MODE = wholemodule;
				VALIDATE_PRODUCT = YES;
			};
			name = Release;
		};
		966859E92B7375FB00748E6F /* Debug */ = {
			isa = XCBuildConfiguration;
			buildSettings = {
				ASSETCATALOG_COMPILER_APPICON_NAME = AppIcon;
				ASSETCATALOG_COMPILER_GLOBAL_ACCENT_COLOR_NAME = AccentColor;
				CODE_SIGN_STYLE = Automatic;
				CURRENT_PROJECT_VERSION = 1;
				DEVELOPMENT_ASSET_PATHS = "\"Check-It-Of/Preview Content\"";
				DEVELOPMENT_TEAM = 7726H6MV6A;
				ENABLE_PREVIEWS = YES;
				GENERATE_INFOPLIST_FILE = YES;
				INFOPLIST_KEY_UIApplicationSceneManifest_Generation = YES;
				INFOPLIST_KEY_UIApplicationSupportsIndirectInputEvents = YES;
				INFOPLIST_KEY_UILaunchScreen_Generation = YES;
				INFOPLIST_KEY_UISupportedInterfaceOrientations = UIInterfaceOrientationPortrait;
				LD_RUNPATH_SEARCH_PATHS = (
					"$(inherited)",
					"@executable_path/Frameworks",
				);
				MARKETING_VERSION = 1.0;
				PRODUCT_BUNDLE_IDENTIFIER = "com.alekssamson.Check-It-Of-iOS";
				PRODUCT_NAME = "$(TARGET_NAME)";
				SWIFT_EMIT_LOC_STRINGS = YES;
				SWIFT_VERSION = 5.0;
				TARGETED_DEVICE_FAMILY = "1,2";
			};
			name = Debug;
		};
		966859EA2B7375FB00748E6F /* Release */ = {
			isa = XCBuildConfiguration;
			buildSettings = {
				ASSETCATALOG_COMPILER_APPICON_NAME = AppIcon;
				ASSETCATALOG_COMPILER_GLOBAL_ACCENT_COLOR_NAME = AccentColor;
				CODE_SIGN_STYLE = Automatic;
				CURRENT_PROJECT_VERSION = 1;
				DEVELOPMENT_ASSET_PATHS = "\"Check-It-Of/Preview Content\"";
				DEVELOPMENT_TEAM = 7726H6MV6A;
				ENABLE_PREVIEWS = YES;
				GENERATE_INFOPLIST_FILE = YES;
				INFOPLIST_KEY_UIApplicationSceneManifest_Generation = YES;
				INFOPLIST_KEY_UIApplicationSupportsIndirectInputEvents = YES;
				INFOPLIST_KEY_UILaunchScreen_Generation = YES;
				INFOPLIST_KEY_UISupportedInterfaceOrientations = UIInterfaceOrientationPortrait;
				LD_RUNPATH_SEARCH_PATHS = (
					"$(inherited)",
					"@executable_path/Frameworks",
				);
				MARKETING_VERSION = 1.0;
				PRODUCT_BUNDLE_IDENTIFIER = "com.alekssamson.Check-It-Of-iOS";
				PRODUCT_NAME = "$(TARGET_NAME)";
				SWIFT_EMIT_LOC_STRINGS = YES;
				SWIFT_VERSION = 5.0;
				TARGETED_DEVICE_FAMILY = "1,2";
			};
			name = Release;
		};
/* End XCBuildConfiguration section */

/* Begin XCConfigurationList section */
		966859D52B7375FA00748E6F /* Build configuration list for PBXProject "Check-It-Of" */ = {
			isa = XCConfigurationList;
			buildConfigurations = (
				966859E62B7375FB00748E6F /* Debug */,
				966859E72B7375FB00748E6F /* Release */,
			);
			defaultConfigurationIsVisible = 0;
			defaultConfigurationName = Release;
		};
		966859E82B7375FB00748E6F /* Build configuration list for PBXNativeTarget "Check-It-Of" */ = {
			isa = XCConfigurationList;
			buildConfigurations = (
				966859E92B7375FB00748E6F /* Debug */,
				966859EA2B7375FB00748E6F /* Release */,
			);
			defaultConfigurationIsVisible = 0;
			defaultConfigurationName = Release;
		};
/* End XCConfigurationList section */

/* Begin XCRemoteSwiftPackageReference section */
		966859F52B73834200748E6F /* XCRemoteSwiftPackageReference "firebase-ios-sdk" */ = {
			isa = XCRemoteSwiftPackageReference;
			repositoryURL = "https://github.com/firebase/firebase-ios-sdk";
			requirement = {
				kind = upToNextMajorVersion;
				minimumVersion = 10.21.0;
			};
		};
/* End XCRemoteSwiftPackageReference section */

/* Begin XCSwiftPackageProductDependency section */
		965AA52C2B7D1D0B00E07A0C /* FirebaseFirestoreSwift */ = {
			isa = XCSwiftPackageProductDependency;
			package = 966859F52B73834200748E6F /* XCRemoteSwiftPackageReference "firebase-ios-sdk" */;
			productName = FirebaseFirestoreSwift;
		};
		9660B4652B74AE1E00715334 /* FirebaseAnalytics */ = {
			isa = XCSwiftPackageProductDependency;
			package = 966859F52B73834200748E6F /* XCRemoteSwiftPackageReference "firebase-ios-sdk" */;
			productName = FirebaseAnalytics;
		};
		9660B4672B74AE1E00715334 /* FirebaseAnalyticsOnDeviceConversion */ = {
			isa = XCSwiftPackageProductDependency;
			package = 966859F52B73834200748E6F /* XCRemoteSwiftPackageReference "firebase-ios-sdk" */;
			productName = FirebaseAnalyticsOnDeviceConversion;
		};
		9660B4692B74AE1E00715334 /* FirebaseAnalyticsSwift */ = {
			isa = XCSwiftPackageProductDependency;
			package = 966859F52B73834200748E6F /* XCRemoteSwiftPackageReference "firebase-ios-sdk" */;
			productName = FirebaseAnalyticsSwift;
		};
		9660B46B2B74AE1E00715334 /* FirebaseAnalyticsWithoutAdIdSupport */ = {
			isa = XCSwiftPackageProductDependency;
			package = 966859F52B73834200748E6F /* XCRemoteSwiftPackageReference "firebase-ios-sdk" */;
			productName = FirebaseAnalyticsWithoutAdIdSupport;
		};
		9660B46D2B74AE1E00715334 /* FirebaseAppCheck */ = {
			isa = XCSwiftPackageProductDependency;
			package = 966859F52B73834200748E6F /* XCRemoteSwiftPackageReference "firebase-ios-sdk" */;
			productName = FirebaseAppCheck;
		};
		966859F62B73834200748E6F /* FirebaseAnalytics */ = {
			isa = XCSwiftPackageProductDependency;
			package = 966859F52B73834200748E6F /* XCRemoteSwiftPackageReference "firebase-ios-sdk" */;
			productName = FirebaseAnalytics;
		};
		966859F82B73834200748E6F /* FirebaseAnalyticsOnDeviceConversion */ = {
			isa = XCSwiftPackageProductDependency;
			package = 966859F52B73834200748E6F /* XCRemoteSwiftPackageReference "firebase-ios-sdk" */;
			productName = FirebaseAnalyticsOnDeviceConversion;
		};
		966859FA2B73834200748E6F /* FirebaseAnalyticsSwift */ = {
			isa = XCSwiftPackageProductDependency;
			package = 966859F52B73834200748E6F /* XCRemoteSwiftPackageReference "firebase-ios-sdk" */;
			productName = FirebaseAnalyticsSwift;
		};
		966859FC2B73834200748E6F /* FirebaseAnalyticsWithoutAdIdSupport */ = {
			isa = XCSwiftPackageProductDependency;
			package = 966859F52B73834200748E6F /* XCRemoteSwiftPackageReference "firebase-ios-sdk" */;
			productName = FirebaseAnalyticsWithoutAdIdSupport;
		};
		966859FE2B73834200748E6F /* FirebaseAppCheck */ = {
			isa = XCSwiftPackageProductDependency;
			package = 966859F52B73834200748E6F /* XCRemoteSwiftPackageReference "firebase-ios-sdk" */;
			productName = FirebaseAppCheck;
		};
		96685A292B73B83E00748E6F /* FirebaseAuth */ = {
			isa = XCSwiftPackageProductDependency;
			package = 966859F52B73834200748E6F /* XCRemoteSwiftPackageReference "firebase-ios-sdk" */;
			productName = FirebaseAuth;
		};
		96685A2B2B73C35400748E6F /* FirebaseFirestore */ = {
			isa = XCSwiftPackageProductDependency;
			package = 966859F52B73834200748E6F /* XCRemoteSwiftPackageReference "firebase-ios-sdk" */;
			productName = FirebaseFirestore;
		};
/* End XCSwiftPackageProductDependency section */
	};
	rootObject = 966859D22B7375FA00748E6F /* Project object */;
}
